// !$*UTF8*$!
{
	archiveVersion = 1;
	classes = {
	};
	objectVersion = 46;
	objects = {

/* Begin PBXBuildFile section */
		09EECD3C1ED2DA56001F831D /* main.m in Sources */ = {isa = PBXBuildFile; fileRef = 09EECD3B1ED2DA56001F831D /* main.m */; };
		09EECD3F1ED2DA56001F831D /* AppDelegate.m in Sources */ = {isa = PBXBuildFile; fileRef = 09EECD3E1ED2DA56001F831D /* AppDelegate.m */; };
		09EECD471ED2DA56001F831D /* Assets.xcassets in Resources */ = {isa = PBXBuildFile; fileRef = 09EECD461ED2DA56001F831D /* Assets.xcassets */; };
		09EECD4A1ED2DA56001F831D /* LaunchScreen.storyboard in Resources */ = {isa = PBXBuildFile; fileRef = 09EECD481ED2DA56001F831D /* LaunchScreen.storyboard */; };
		09EECD571ED2E154001F831D /* CPAPresentingViewController.m in Sources */ = {isa = PBXBuildFile; fileRef = 09EECD551ED2E154001F831D /* CPAPresentingViewController.m */; };
		09EECD581ED2E154001F831D /* CPAPresentingViewController.xib in Resources */ = {isa = PBXBuildFile; fileRef = 09EECD561ED2E154001F831D /* CPAPresentingViewController.xib */; };
		09EECD5C1ED2E189001F831D /* CPAPresentedViewController.m in Sources */ = {isa = PBXBuildFile; fileRef = 09EECD5A1ED2E189001F831D /* CPAPresentedViewController.m */; };
		09EECD5D1ED2E189001F831D /* CPAPresentedViewController.xib in Resources */ = {isa = PBXBuildFile; fileRef = 09EECD5B1ED2E189001F831D /* CPAPresentedViewController.xib */; };
		09EECD601ED35499001F831D /* CPATransitioningDelegate.m in Sources */ = {isa = PBXBuildFile; fileRef = 09EECD5F1ED35499001F831D /* CPATransitioningDelegate.m */; };
		09EECD631ED354FD001F831D /* CPAAnimationController.m in Sources */ = {isa = PBXBuildFile; fileRef = 09EECD621ED354FD001F831D /* CPAAnimationController.m */; };
		09EECD661ED41F0B001F831D /* CPASwipeInteractiveTransition.m in Sources */ = {isa = PBXBuildFile; fileRef = 09EECD651ED41F0B001F831D /* CPASwipeInteractiveTransition.m */; };
/* End PBXBuildFile section */

/* Begin PBXFileReference section */
		09EECD371ED2DA56001F831D /* CustomPresentAnimation.app */ = {isa = PBXFileReference; explicitFileType = wrapper.application; includeInIndex = 0; path = CustomPresentAnimation.app; sourceTree = BUILT_PRODUCTS_DIR; };
		09EECD3B1ED2DA56001F831D /* main.m */ = {isa = PBXFileReference; lastKnownFileType = sourcecode.c.objc; path = main.m; sourceTree = "<group>"; };
		09EECD3D1ED2DA56001F831D /* AppDelegate.h */ = {isa = PBXFileReference; lastKnownFileType = sourcecode.c.h; path = AppDelegate.h; sourceTree = "<group>"; };
		09EECD3E1ED2DA56001F831D /* AppDelegate.m */ = {isa = PBXFileReference; lastKnownFileType = sourcecode.c.objc; path = AppDelegate.m; sourceTree = "<group>"; };
		09EECD461ED2DA56001F831D /* Assets.xcassets */ = {isa = PBXFileReference; lastKnownFileType = folder.assetcatalog; path = Assets.xcassets; sourceTree = "<group>"; };
		09EECD491ED2DA56001F831D /* Base */ = {isa = PBXFileReference; lastKnownFileType = file.storyboard; name = Base; path = Base.lproj/LaunchScreen.storyboard; sourceTree = "<group>"; };
		09EECD4B1ED2DA56001F831D /* Info.plist */ = {isa = PBXFileReference; lastKnownFileType = text.plist.xml; path = Info.plist; sourceTree = "<group>"; };
		09EECD541ED2E154001F831D /* CPAPresentingViewController.h */ = {isa = PBXFileReference; fileEncoding = 4; lastKnownFileType = sourcecode.c.h; path = CPAPresentingViewController.h; sourceTree = "<group>"; };
		09EECD551ED2E154001F831D /* CPAPresentingViewController.m */ = {isa = PBXFileReference; fileEncoding = 4; lastKnownFileType = sourcecode.c.objc; path = CPAPresentingViewController.m; sourceTree = "<group>"; };
		09EECD561ED2E154001F831D /* CPAPresentingViewController.xib */ = {isa = PBXFileReference; fileEncoding = 4; lastKnownFileType = file.xib; path = CPAPresentingViewController.xib; sourceTree = "<group>"; };
		09EECD591ED2E189001F831D /* CPAPresentedViewController.h */ = {isa = PBXFileReference; fileEncoding = 4; lastKnownFileType = sourcecode.c.h; path = CPAPresentedViewController.h; sourceTree = "<group>"; };
		09EECD5A1ED2E189001F831D /* CPAPresentedViewController.m */ = {isa = PBXFileReference; fileEncoding = 4; lastKnownFileType = sourcecode.c.objc; path = CPAPresentedViewController.m; sourceTree = "<group>"; };
		09EECD5B1ED2E189001F831D /* CPAPresentedViewController.xib */ = {isa = PBXFileReference; fileEncoding = 4; lastKnownFileType = file.xib; path = CPAPresentedViewController.xib; sourceTree = "<group>"; };
		09EECD5E1ED35499001F831D /* CPATransitioningDelegate.h */ = {isa = PBXFileReference; fileEncoding = 4; lastKnownFileType = sourcecode.c.h; path = CPATransitioningDelegate.h; sourceTree = "<group>"; };
		09EECD5F1ED35499001F831D /* CPATransitioningDelegate.m */ = {isa = PBXFileReference; fileEncoding = 4; lastKnownFileType = sourcecode.c.objc; path = CPATransitioningDelegate.m; sourceTree = "<group>"; };
		09EECD611ED354FD001F831D /* CPAAnimationController.h */ = {isa = PBXFileReference; fileEncoding = 4; lastKnownFileType = sourcecode.c.h; path = CPAAnimationController.h; sourceTree = "<group>"; };
		09EECD621ED354FD001F831D /* CPAAnimationController.m */ = {isa = PBXFileReference; fileEncoding = 4; lastKnownFileType = sourcecode.c.objc; path = CPAAnimationController.m; sourceTree = "<group>"; };
		09EECD641ED41F0B001F831D /* CPASwipeInteractiveTransition.h */ = {isa = PBXFileReference; fileEncoding = 4; lastKnownFileType = sourcecode.c.h; path = CPASwipeInteractiveTransition.h; sourceTree = "<group>"; };
		09EECD651ED41F0B001F831D /* CPASwipeInteractiveTransition.m */ = {isa = PBXFileReference; fileEncoding = 4; lastKnownFileType = sourcecode.c.objc; path = CPASwipeInteractiveTransition.m; sourceTree = "<group>"; };
/* End PBXFileReference section */

/* Begin PBXFrameworksBuildPhase section */
		09EECD341ED2DA56001F831D /* Frameworks */ = {
			isa = PBXFrameworksBuildPhase;
			buildActionMask = 2147483647;
			files = (
			);
			runOnlyForDeploymentPostprocessing = 0;
		};
/* End PBXFrameworksBuildPhase section */

/* Begin PBXGroup section */
		09EECD2E1ED2DA56001F831D = {
			isa = PBXGroup;
			children = (
				09EECD391ED2DA56001F831D /* CustomPresentAnimation */,
				09EECD381ED2DA56001F831D /* Products */,
			);
			sourceTree = "<group>";
		};
		09EECD381ED2DA56001F831D /* Products */ = {
			isa = PBXGroup;
			children = (
				09EECD371ED2DA56001F831D /* CustomPresentAnimation.app */,
			);
			name = Products;
			sourceTree = "<group>";
		};
		09EECD391ED2DA56001F831D /* CustomPresentAnimation */ = {
			isa = PBXGroup;
			children = (
				09EECD3A1ED2DA56001F831D /* Supporting Files */,
				09EECD461ED2DA56001F831D /* Assets.xcassets */,
				09EECD481ED2DA56001F831D /* LaunchScreen.storyboard */,
				09EECD4B1ED2DA56001F831D /* Info.plist */,
				09EECD3D1ED2DA56001F831D /* AppDelegate.h */,
				09EECD3E1ED2DA56001F831D /* AppDelegate.m */,
				09EECD541ED2E154001F831D /* CPAPresentingViewController.h */,
				09EECD551ED2E154001F831D /* CPAPresentingViewController.m */,
				09EECD561ED2E154001F831D /* CPAPresentingViewController.xib */,
				09EECD591ED2E189001F831D /* CPAPresentedViewController.h */,
				09EECD5A1ED2E189001F831D /* CPAPresentedViewController.m */,
				09EECD5B1ED2E189001F831D /* CPAPresentedViewController.xib */,
				09EECD5E1ED35499001F831D /* CPATransitioningDelegate.h */,
				09EECD5F1ED35499001F831D /* CPATransitioningDelegate.m */,
				09EECD611ED354FD001F831D /* CPAAnimationController.h */,
				09EECD621ED354FD001F831D /* CPAAnimationController.m */,
				09EECD641ED41F0B001F831D /* CPASwipeInteractiveTransition.h */,
				09EECD651ED41F0B001F831D /* CPASwipeInteractiveTransition.m */,
			);
			path = CustomPresentAnimation;
			sourceTree = "<group>";
		};
		09EECD3A1ED2DA56001F831D /* Supporting Files */ = {
			isa = PBXGroup;
			children = (
				09EECD3B1ED2DA56001F831D /* main.m */,
			);
			name = "Supporting Files";
			sourceTree = "<group>";
		};
/* End PBXGroup section */

/* Begin PBXNativeTarget section */
		09EECD361ED2DA56001F831D /* CustomPresentAnimation */ = {
			isa = PBXNativeTarget;
			buildConfigurationList = 09EECD4E1ED2DA56001F831D /* Build configuration list for PBXNativeTarget "CustomPresentAnimation" */;
			buildPhases = (
				09EECD331ED2DA56001F831D /* Sources */,
				09EECD341ED2DA56001F831D /* Frameworks */,
				09EECD351ED2DA56001F831D /* Resources */,
			);
			buildRules = (
			);
			dependencies = (
			);
			name = CustomPresentAnimation;
			productName = CustomPresentAnimation;
			productReference = 09EECD371ED2DA56001F831D /* CustomPresentAnimation.app */;
			productType = "com.apple.product-type.application";
		};
/* End PBXNativeTarget section */

/* Begin PBXProject section */
		09EECD2F1ED2DA56001F831D /* Project object */ = {
			isa = PBXProject;
			attributes = {
				LastUpgradeCheck = 0830;
				ORGANIZATIONNAME = marcus.wu;
				TargetAttributes = {
					09EECD361ED2DA56001F831D = {
						CreatedOnToolsVersion = 8.3.2;
						ProvisioningStyle = Automatic;
					};
				};
			};
			buildConfigurationList = 09EECD321ED2DA56001F831D /* Build configuration list for PBXProject "CustomPresentAnimation" */;
			compatibilityVersion = "Xcode 3.2";
			developmentRegion = English;
			hasScannedForEncodings = 0;
			knownRegions = (
				en,
				Base,
			);
			mainGroup = 09EECD2E1ED2DA56001F831D;
			productRefGroup = 09EECD381ED2DA56001F831D /* Products */;
			projectDirPath = "";
			projectRoot = "";
			targets = (
				09EECD361ED2DA56001F831D /* CustomPresentAnimation */,
			);
		};
/* End PBXProject section */

/* Begin PBXResourcesBuildPhase section */
		09EECD351ED2DA56001F831D /* Resources */ = {
			isa = PBXResourcesBuildPhase;
			buildActionMask = 2147483647;
			files = (
				09EECD5D1ED2E189001F831D /* CPAPresentedViewController.xib in Resources */,
				09EECD4A1ED2DA56001F831D /* LaunchScreen.storyboard in Resources */,
				09EECD581ED2E154001F831D /* CPAPresentingViewController.xib in Resources */,
				09EECD471ED2DA56001F831D /* Assets.xcassets in Resources */,
			);
			runOnlyForDeploymentPostprocessing = 0;
		};
/* End PBXResourcesBuildPhase section */

/* Begin PBXSourcesBuildPhase section */
		09EECD331ED2DA56001F831D /* Sources */ = {
			isa = PBXSourcesBuildPhase;
			buildActionMask = 2147483647;
			files = (
				09EECD661ED41F0B001F831D /* CPASwipeInteractiveTransition.m in Sources */,
				09EECD5C1ED2E189001F831D /* CPAPresentedViewController.m in Sources */,
				09EECD631ED354FD001F831D /* CPAAnimationController.m in Sources */,
				09EECD571ED2E154001F831D /* CPAPresentingViewController.m in Sources */,
				09EECD3F1ED2DA56001F831D /* AppDelegate.m in Sources */,
				09EECD601ED35499001F831D /* CPATransitioningDelegate.m in Sources */,
				09EECD3C1ED2DA56001F831D /* main.m in Sources */,
			);
			runOnlyForDeploymentPostprocessing = 0;
		};
/* End PBXSourcesBuildPhase section */

/* Begin PBXVariantGroup section */
		09EECD481ED2DA56001F831D /* LaunchScreen.storyboard */ = {
			isa = PBXVariantGroup;
			children = (
				09EECD491ED2DA56001F831D /* Base */,
			);
			name = LaunchScreen.storyboard;
			sourceTree = "<group>";
		};
/* End PBXVariantGroup section */

/* Begin XCBuildConfiguration section */
		09EECD4C1ED2DA56001F831D /* Debug */ = {
			isa = XCBuildConfiguration;
			buildSettings = {
				ALWAYS_SEARCH_USER_PATHS = NO;
				CLANG_ANALYZER_NONNULL = YES;
				CLANG_ANALYZER_NUMBER_OBJECT_CONVERSION = YES_AGGRESSIVE;
				CLANG_CXX_LANGUAGE_STANDARD = "gnu++0x";
				CLANG_CXX_LIBRARY = "libc++";
				CLANG_ENABLE_MODULES = YES;
				CLANG_ENABLE_OBJC_ARC = YES;
				CLANG_WARN_BOOL_CONVERSION = YES;
				CLANG_WARN_CONSTANT_CONVERSION = YES;
				CLANG_WARN_DIRECT_OBJC_ISA_USAGE = YES_ERROR;
				CLANG_WARN_DOCUMENTATION_COMMENTS = YES;
				CLANG_WARN_EMPTY_BODY = YES;
				CLANG_WARN_ENUM_CONVERSION = YES;
				CLANG_WARN_INFINITE_RECURSION = YES;
				CLANG_WARN_INT_CONVERSION = YES;
				CLANG_WARN_OBJC_ROOT_CLASS = YES_ERROR;
				CLANG_WARN_SUSPICIOUS_MOVE = YES;
				CLANG_WARN_UNREACHABLE_CODE = YES;
				CLANG_WARN__DUPLICATE_METHOD_MATCH = YES;
				"CODE_SIGN_IDENTITY[sdk=iphoneos*]" = "iPhone Developer";
				COPY_PHASE_STRIP = NO;
				DEBUG_INFORMATION_FORMAT = dwarf;
				ENABLE_STRICT_OBJC_MSGSEND = YES;
				ENABLE_TESTABILITY = YES;
				GCC_C_LANGUAGE_STANDARD = gnu99;
				GCC_DYNAMIC_NO_PIC = NO;
				GCC_NO_COMMON_BLOCKS = YES;
				GCC_OPTIMIZATION_LEVEL = 0;
				GCC_PREPROCESSOR_DEFINITIONS = (
					"DEBUG=1",
					"$(inherited)",
				);
				GCC_WARN_64_TO_32_BIT_CONVERSION = YES;
				GCC_WARN_ABOUT_RETURN_TYPE = YES_ERROR;
				GCC_WARN_UNDECLARED_SELECTOR = YES;
				GCC_WARN_UNINITIALIZED_AUTOS = YES_AGGRESSIVE;
				GCC_WARN_UNUSED_FUNCTION = YES;
				GCC_WARN_UNUSED_VARIABLE = YES;
				IPHONEOS_DEPLOYMENT_TARGET = 10.3;
				MTL_ENABLE_DEBUG_INFO = YES;
				ONLY_ACTIVE_ARCH = YES;
				SDKROOT = iphoneos;
			};
			name = Debug;
		};
		09EECD4D1ED2DA56001F831D /* Release */ = {
			isa = XCBuildConfiguration;
			buildSettings = {
				ALWAYS_SEARCH_USER_PATHS = NO;
				CLANG_ANALYZER_NONNULL = YES;
				CLANG_ANALYZER_NUMBER_OBJECT_CONVERSION = YES_AGGRESSIVE;
				CLANG_CXX_LANGUAGE_STANDARD = "gnu++0x";
				CLANG_CXX_LIBRARY = "libc++";
				CLANG_ENABLE_MODULES = YES;
				CLANG_ENABLE_OBJC_ARC = YES;
				CLANG_WARN_BOOL_CONVERSION = YES;
				CLANG_WARN_CONSTANT_CONVERSION = YES;
				CLANG_WARN_DIRECT_OBJC_ISA_USAGE = YES_ERROR;
				CLANG_WARN_DOCUMENTATION_COMMENTS = YES;
				CLANG_WARN_EMPTY_BODY = YES;
				CLANG_WARN_ENUM_CONVERSION = YES;
				CLANG_WARN_INFINITE_RECURSION = YES;
				CLANG_WARN_INT_CONVERSION = YES;
				CLANG_WARN_OBJC_ROOT_CLASS = YES_ERROR;
				CLANG_WARN_SUSPICIOUS_MOVE = YES;
				CLANG_WARN_UNREACHABLE_CODE = YES;
				CLANG_WARN__DUPLICATE_METHOD_MATCH = YES;
				"CODE_SIGN_IDENTITY[sdk=iphoneos*]" = "iPhone Developer";
				COPY_PHASE_STRIP = NO;
				DEBUG_INFORMATION_FORMAT = "dwarf-with-dsym";
				ENABLE_NS_ASSERTIONS = NO;
				ENABLE_STRICT_OBJC_MSGSEND = YES;
				GCC_C_LANGUAGE_STANDARD = gnu99;
				GCC_NO_COMMON_BLOCKS = YES;
				GCC_WARN_64_TO_32_BIT_CONVERSION = YES;
				GCC_WARN_ABOUT_RETURN_TYPE = YES_ERROR;
				GCC_WARN_UNDECLARED_SELECTOR = YES;
				GCC_WARN_UNINITIALIZED_AUTOS = YES_AGGRESSIVE;
				GCC_WARN_UNUSED_FUNCTION = YES;
				GCC_WARN_UNUSED_VARIABLE = YES;
				IPHONEOS_DEPLOYMENT_TARGET = 10.3;
				MTL_ENABLE_DEBUG_INFO = NO;
				SDKROOT = iphoneos;
				VALIDATE_PRODUCT = YES;
			};
			name = Release;
		};
		09EECD4F1ED2DA56001F831D /* Debug */ = {
			isa = XCBuildConfiguration;
			buildSettings = {
				ASSETCATALOG_COMPILER_APPICON_NAME = AppIcon;
				INFOPLIST_FILE = CustomPresentAnimation/Info.plist;
				LD_RUNPATH_SEARCH_PATHS = "$(inherited) @executable_path/Frameworks";
				PRODUCT_BUNDLE_IDENTIFIER = wu.marcus.CustomPresentAnimation;
				PRODUCT_NAME = "$(TARGET_NAME)";
			};
			name = Debug;
		};
		09EECD501ED2DA56001F831D /* Release */ = {
			isa = XCBuildConfiguration;
			buildSettings = {
				ASSETCATALOG_COMPILER_APPICON_NAME = AppIcon;
				INFOPLIST_FILE = CustomPresentAnimation/Info.plist;
				LD_RUNPATH_SEARCH_PATHS = "$(inherited) @executable_path/Frameworks";
				PRODUCT_BUNDLE_IDENTIFIER = wu.marcus.CustomPresentAnimation;
				PRODUCT_NAME = "$(TARGET_NAME)";
			};
			name = Release;
		};
/* End XCBuildConfiguration section */

/* Begin XCConfigurationList section */
		09EECD321ED2DA56001F831D /* Build configuration list for PBXProject "CustomPresentAnimation" */ = {
			isa = XCConfigurationList;
			buildConfigurations = (
				09EECD4C1ED2DA56001F831D /* Debug */,
				09EECD4D1ED2DA56001F831D /* Release */,
			);
			defaultConfigurationIsVisible = 0;
			defaultConfigurationName = Release;
		};
		09EECD4E1ED2DA56001F831D /* Build configuration list for PBXNativeTarget "CustomPresentAnimation" */ = {
			isa = XCConfigurationList;
			buildConfigurations = (
				09EECD4F1ED2DA56001F831D /* Debug */,
				09EECD501ED2DA56001F831D /* Release */,
			);
			defaultConfigurationIsVisible = 0;
			defaultConfigurationName = Release;
		};
/* End XCConfigurationList section */
	};
	rootObject = 09EECD2F1ED2DA56001F831D /* Project object */;
}
